
Microsoft Visual Studio Solution File, Format Version 12.00
# Visual Studio 15
VisualStudioVersion = 15.0.27703.2018
MinimumVisualStudioVersion = 10.0.40219.1
Project("{9A19103F-16F7-4668-BE54-9A1E7A4F7556}") = "DAF.DAL", "DAF.DAL\DAF.DAL.csproj", "{9F911B20-58D3-417B-98B4-8FA14601BA38}"
EndProject
Project("{9A19103F-16F7-4668-BE54-9A1E7A4F7556}") = "DAF.Web", "DAF\DAF.Web.csproj", "{A148632B-8CAB-4A51-8224-11D71B890E4A}"
EndProject
Global
	GlobalSection(SolutionConfigurationPlatforms) = preSolution
		Debug|Any CPU = Debug|Any CPU
		Release|Any CPU = Release|Any CPU
	EndGlobalSection
	GlobalSection(ProjectConfigurationPlatforms) = postSolution
		{9F911B20-58D3-417B-98B4-8FA14601BA38}.Debug|Any CPU.ActiveCfg = Debug|Any CPU
		{9F911B20-58D3-417B-98B4-8FA14601BA38}.Debug|Any CPU.Build.0 = Debug|Any CPU
		{9F911B20-58D3-417B-98B4-8FA14601BA38}.Release|Any CPU.ActiveCfg = Release|Any CPU
		{9F911B20-58D3-417B-98B4-8FA14601BA38}.Release|Any CPU.Build.0 = Release|Any CPU
		{A148632B-8CAB-4A51-8224-11D71B890E4A}.Debug|Any CPU.ActiveCfg = Debug|Any CPU
		{A148632B-8CAB-4A51-8224-11D71B890E4A}.Debug|Any CPU.Build.0 = Debug|Any CPU
		{A148632B-8CAB-4A51-8224-11D71B890E4A}.Release|Any CPU.ActiveCfg = Release|Any CPU
		{A148632B-8CAB-4A51-8224-11D71B890E4A}.Release|Any CPU.Build.0 = Release|Any CPU
	EndGlobalSection
	GlobalSection(SolutionProperties) = preSolution
		HideSolutionNode = FALSE
	EndGlobalSection
	GlobalSection(ExtensibilityGlobals) = postSolution
		SolutionGuid = {ECD1017A-859B-4C2E-BD3C-371227E690DC}
	EndGlobalSection
EndGlobal
